
Microsoft Visual Studio Solution File, Format Version 12.00
# Visual Studio Version 16
VisualStudioVersion = 16.0.31729.503
MinimumVisualStudioVersion = 10.0.40219.1
Project("{FAE04EC0-301F-11D3-BF4B-00C04F79EFBC}") = "ConsultarCEP", "ConsultarCEP\ConsultarCEP.csproj", "{42F9CF7E-B8DA-478B-A786-B3B1C5BBF3F6}"
EndProject
Global
	GlobalSection(SolutionConfigurationPlatforms) = preSolution
		Debug|Any CPU = Debug|Any CPU
		Release|Any CPU = Release|Any CPU
	EndGlobalSection
	GlobalSection(ProjectConfigurationPlatforms) = postSolution
		{42F9CF7E-B8DA-478B-A786-B3B1C5BBF3F6}.Debug|Any CPU.ActiveCfg = Debug|Any CPU
		{42F9CF7E-B8DA-478B-A786-B3B1C5BBF3F6}.Debug|Any CPU.Build.0 = Debug|Any CPU
		{42F9CF7E-B8DA-478B-A786-B3B1C5BBF3F6}.Release|Any CPU.ActiveCfg = Release|Any CPU
		{42F9CF7E-B8DA-478B-A786-B3B1C5BBF3F6}.Release|Any CPU.Build.0 = Release|Any CPU
	EndGlobalSection
	GlobalSection(SolutionProperties) = preSolution
		HideSolutionNode = FALSE
	EndGlobalSection
	GlobalSection(ExtensibilityGlobals) = postSolution
		SolutionGuid = {8CB3EDC9-6752-4FCB-BD4B-5835DE8DCDC0}
	EndGlobalSection
EndGlobal
